# This file is automatically @generated by Cargo.
# It is not intended for manual editing.
version = 3

[[package]]
name = "arrayvec"
version = "0.7.2"
source = "registry+https://github.com/rust-lang/crates.io-index"
checksum = "8da52d66c7071e2e3fa2a1e5c6d088fec47b593032b254f5e980de8ea54454d6"

[[package]]
name = "autocfg"
version = "1.1.0"
source = "registry+https://github.com/rust-lang/crates.io-index"
checksum = "d468802bab17cbc0cc575e9b053f41e72aa36bfa6b7f55e3529ffa43161b97fa"

[[package]]
name = "base64"
version = "0.13.0"
source = "registry+https://github.com/rust-lang/crates.io-index"
checksum = "904dfeac50f3cdaba28fc6f57fdcddb75f49ed61346676a78c4ffe55877802fd"

[[package]]
name = "cc"
version = "1.0.73"
source = "registry+https://github.com/rust-lang/crates.io-index"
checksum = "2fff2a6927b3bb87f9595d67196a70493f627687a71d87a0d692242c33f58c11"

[[package]]
name = "ledger-crypto-helpers"
version = "0.2.0"
source = "git+https://github.com/alamgu/ledger-crypto-helpers#4c4881b7db90349ed9829f2c93b1faaa0a68adc5"
dependencies = [
 "arrayvec",
 "base64",
 "ledger-log",
 "nanos_sdk",
 "nanos_ui",
 "zeroize",
]

[[package]]
name = "ledger-log"
version = "0.2.0"
source = "git+https://github.com/alamgu/ledger-log#02f702bbec9ca9802151fd261508580eb3826287"
dependencies = [
 "arrayvec",
 "nanos_sdk",
]

[[package]]
name = "ledger-prompts-ui"
version = "0.1.0"
source = "git+https://github.com/alamgu/ledger-prompts-ui#24d2f36da07131074211559cd28f235c3f7c9984"
dependencies = [
 "arrayvec",
 "ledger-log",
 "nanos_sdk",
 "nanos_ui",
]

[[package]]
name = "nanos_sdk"
version = "0.2.0"
source = "git+https://github.com/alamgu/ledger-nanos-sdk.git?branch=unified-build-with-lib-bagl#a31eef1fbc4cad5ed4df51390cb8b648fc55d0b4"
dependencies = [
 "cc",
 "num-traits",
]

[[package]]
name = "nanos_ui"
version = "0.1.0"
source = "git+https://github.com/obsidiansystems/ledger-nanos-ui?branch=use-lib-bagl-for-x-and-splus#6ab6938354e73d3a8aacc941e9c7bc7f83c1081e"
dependencies = [
 "nanos_sdk",
]

[[package]]
name = "num-traits"
version = "0.2.15"
source = "registry+https://github.com/rust-lang/crates.io-index"
checksum = "578ede34cf02f8924ab9447f50c28075b4d3e5b269972345e7e0372b38c6cdcd"
dependencies = [
 "autocfg",
]

[[package]]
name = "proc-macro2"
version = "1.0.43"
source = "registry+https://github.com/rust-lang/crates.io-index"
checksum = "0a2ca2c61bc9f3d74d2886294ab7b9853abd9c1ad903a3ac7815c58989bb7bab"
dependencies = [
 "unicode-ident",
]

[[package]]
name = "quote"
version = "1.0.21"
source = "registry+https://github.com/rust-lang/crates.io-index"
checksum = "bbe448f377a7d6961e30f5955f9b8d106c3f5e449d493ee1b125c1d43c2b5179"
dependencies = [
 "proc-macro2",
]

[[package]]
name = "rust-app"
version = "0.0.1"
dependencies = [
 "arrayvec",
 "ledger-crypto-helpers",
 "ledger-log",
 "ledger-prompts-ui",
 "nanos_sdk",
 "nanos_ui",
 "testmacro",
 "zeroize",
]

[[package]]
name = "syn"
version = "1.0.99"
source = "registry+https://github.com/rust-lang/crates.io-index"
checksum = "58dbef6ec655055e20b86b15a8cc6d439cca19b667537ac6a1369572d151ab13"
dependencies = [
 "proc-macro2",
 "quote",
 "unicode-ident",
]

[[package]]
name = "testmacro"
version = "0.1.0"
source = "git+https://github.com/yhql/testmacro#29a16cb8718d61b67c6c391e60c8347c064e921e"
dependencies = [
 "quote",
 "syn",
]

[[package]]
name = "unicode-ident"
version = "1.0.3"
source = "registry+https://github.com/rust-lang/crates.io-index"
checksum = "c4f5b37a154999a8f3f98cc23a628d850e154479cd94decf3414696e12e31aaf"

[[package]]
name = "zeroize"
version = "1.5.7"
source = "registry+https://github.com/rust-lang/crates.io-index"
checksum = "c394b5bd0c6f669e7275d9c20aa90ae064cb22e75a1cad54e1b34088034b149f"
